
Microsoft Visual Studio Solution File, Format Version 12.00
# Visual Studio 15
VisualStudioVersion = 15.0.27130.2027
MinimumVisualStudioVersion = 10.0.40219.1
Project("{FAE04EC0-301F-11D3-BF4B-00C04F79EFBC}") = "WebAppTest", "WebAppTest\WebAppTest.csproj", "{AE7E1618-0BFD-441A-BDD0-12B587A40596}"
EndProject
Global
	GlobalSection(SolutionConfigurationPlatforms) = preSolution
		Debug|Any CPU = Debug|Any CPU
		Release|Any CPU = Release|Any CPU
	EndGlobalSection
	GlobalSection(ProjectConfigurationPlatforms) = postSolution
		{AE7E1618-0BFD-441A-BDD0-12B587A40596}.Debug|Any CPU.ActiveCfg = Debug|Any CPU
		{AE7E1618-0BFD-441A-BDD0-12B587A40596}.Debug|Any CPU.Build.0 = Debug|Any CPU
		{AE7E1618-0BFD-441A-BDD0-12B587A40596}.Release|Any CPU.ActiveCfg = Release|Any CPU
		{AE7E1618-0BFD-441A-BDD0-12B587A40596}.Release|Any CPU.Build.0 = Release|Any CPU
	EndGlobalSection
	GlobalSection(SolutionProperties) = preSolution
		HideSolutionNode = FALSE
	EndGlobalSection
	GlobalSection(ExtensibilityGlobals) = postSolution
		SolutionGuid = {509BBA30-84A7-402F-8B55-4BB13433855F}
	EndGlobalSection
EndGlobal
